
Microsoft Visual Studio Solution File, Format Version 12.00
# Visual Studio Version 17
VisualStudioVersion = 17.0.31903.59
MinimumVisualStudioVersion = 10.0.40219.1
Project("{FAE04EC0-301F-11D3-BF4B-00C04F79EFBC}") = "WebAPISplitPay", "WebAPISplitPay\WebAPISplitPay.csproj", "{50BCBED9-374B-4CC4-BBB9-FB48A8E38162}"
EndProject
Project("{FAE04EC0-301F-11D3-BF4B-00C04F79EFBC}") = "Split-Pay Libraries", "..\Split-Play Libraries\Split-Pay Libraries.csproj", "{199FD4EA-5D6A-4646-B4BA-08B989B3C645}"
EndProject
Global
	GlobalSection(SolutionConfigurationPlatforms) = preSolution
		Debug|Any CPU = Debug|Any CPU
		Release|Any CPU = Release|Any CPU
	EndGlobalSection
	GlobalSection(SolutionProperties) = preSolution
		HideSolutionNode = FALSE
	EndGlobalSection
	GlobalSection(ProjectConfigurationPlatforms) = postSolution
		{50BCBED9-374B-4CC4-BBB9-FB48A8E38162}.Debug|Any CPU.ActiveCfg = Debug|Any CPU
		{50BCBED9-374B-4CC4-BBB9-FB48A8E38162}.Debug|Any CPU.Build.0 = Debug|Any CPU
		{50BCBED9-374B-4CC4-BBB9-FB48A8E38162}.Release|Any CPU.ActiveCfg = Release|Any CPU
		{50BCBED9-374B-4CC4-BBB9-FB48A8E38162}.Release|Any CPU.Build.0 = Release|Any CPU
		{199FD4EA-5D6A-4646-B4BA-08B989B3C645}.Debug|Any CPU.ActiveCfg = Debug|Any CPU
		{199FD4EA-5D6A-4646-B4BA-08B989B3C645}.Debug|Any CPU.Build.0 = Debug|Any CPU
		{199FD4EA-5D6A-4646-B4BA-08B989B3C645}.Release|Any CPU.ActiveCfg = Release|Any CPU
		{199FD4EA-5D6A-4646-B4BA-08B989B3C645}.Release|Any CPU.Build.0 = Release|Any CPU
	EndGlobalSection
EndGlobal
